
Microsoft Visual Studio Solution File, Format Version 12.00
# Visual Studio Version 17
VisualStudioVersion = 17.0.31825.309
MinimumVisualStudioVersion = 10.0.40219.1
Project("{9A19103F-16F7-4668-BE54-9A1E7A4F7556}") = "DotNet.Cookbook.Configuration", "src\DotNet.Cookbook.Configuration\DotNet.Cookbook.Configuration.csproj", "{3DA180C8-57A7-44D7-870A-9477FCB6D784}"
EndProject
Project("{9A19103F-16F7-4668-BE54-9A1E7A4F7556}") = "DotNet.Cookbook.Nuke", "src\DotNet.Cookbook.Nuke\DotNet.Cookbook.Nuke.csproj", "{E5C244B1-2515-4329-9790-73689C4CD37F}"
EndProject
Project("{9A19103F-16F7-4668-BE54-9A1E7A4F7556}") = "_build", "build\_build.csproj", "{8111BEC1-D18D-4126-9380-0E26E66E93B3}"
EndProject
Project("{9A19103F-16F7-4668-BE54-9A1E7A4F7556}") = "DotNet.Cookbook.Caching", "src\DotNet.Cookbook.Caching\DotNet.Cookbook.Caching.csproj", "{FD9CDB17-F353-4562-A579-79AC6CCEB2B2}"
EndProject
Project("{9A19103F-16F7-4668-BE54-9A1E7A4F7556}") = "DotNet.Cookbook.Authentication", "src\DotNet.Cookbook.Authentication\DotNet.Cookbook.Authentication.csproj", "{66709D96-0EC8-43F2-BA8B-50D6E05A43AC}"
EndProject
Project("{9A19103F-16F7-4668-BE54-9A1E7A4F7556}") = "DotNet.Cookbook.DocumentDB", "src\DotNet.Cookbook.DocumentDB\DotNet.Cookbook.DocumentDB.csproj", "{E54AE162-7662-4B21-9F78-34584EEAC87F}"
EndProject
Project("{9A19103F-16F7-4668-BE54-9A1E7A4F7556}") = "DotNet.Cookbook.Http", "src\DotNet.Cookbook.Http\DotNet.Cookbook.Http.csproj", "{64DB16B4-AF4A-428F-80DA-AF89C3EFB18F}"
EndProject
Project("{9A19103F-16F7-4668-BE54-9A1E7A4F7556}") = "DotNet.Cookbook.KeyVault", "src\DotNet.Cookbook.KeyVault\DotNet.Cookbook.KeyVault.csproj", "{4B8B659A-6A33-457C-A4B9-F303E8C70F81}"
EndProject
Project("{FAE04EC0-301F-11D3-BF4B-00C04F79EFBC}") = "DotNet.Cookbook.Filters", "src\DotNet.Cookbook.Filters\DotNet.Cookbook.Filters.csproj", "{BEB4B16A-B091-417D-989E-A684693857E7}"
EndProject
Global
	GlobalSection(SolutionConfigurationPlatforms) = preSolution
		Debug|Any CPU = Debug|Any CPU
		Release|Any CPU = Release|Any CPU
	EndGlobalSection
	GlobalSection(ProjectConfigurationPlatforms) = postSolution
		{3DA180C8-57A7-44D7-870A-9477FCB6D784}.Debug|Any CPU.ActiveCfg = Debug|Any CPU
		{3DA180C8-57A7-44D7-870A-9477FCB6D784}.Debug|Any CPU.Build.0 = Debug|Any CPU
		{3DA180C8-57A7-44D7-870A-9477FCB6D784}.Release|Any CPU.ActiveCfg = Release|Any CPU
		{3DA180C8-57A7-44D7-870A-9477FCB6D784}.Release|Any CPU.Build.0 = Release|Any CPU
		{E5C244B1-2515-4329-9790-73689C4CD37F}.Debug|Any CPU.ActiveCfg = Debug|Any CPU
		{E5C244B1-2515-4329-9790-73689C4CD37F}.Debug|Any CPU.Build.0 = Debug|Any CPU
		{E5C244B1-2515-4329-9790-73689C4CD37F}.Release|Any CPU.ActiveCfg = Release|Any CPU
		{E5C244B1-2515-4329-9790-73689C4CD37F}.Release|Any CPU.Build.0 = Release|Any CPU
		{8111BEC1-D18D-4126-9380-0E26E66E93B3}.Debug|Any CPU.ActiveCfg = Debug|Any CPU
		{8111BEC1-D18D-4126-9380-0E26E66E93B3}.Release|Any CPU.ActiveCfg = Release|Any CPU
		{FD9CDB17-F353-4562-A579-79AC6CCEB2B2}.Debug|Any CPU.ActiveCfg = Debug|Any CPU
		{FD9CDB17-F353-4562-A579-79AC6CCEB2B2}.Debug|Any CPU.Build.0 = Debug|Any CPU
		{FD9CDB17-F353-4562-A579-79AC6CCEB2B2}.Release|Any CPU.ActiveCfg = Release|Any CPU
		{FD9CDB17-F353-4562-A579-79AC6CCEB2B2}.Release|Any CPU.Build.0 = Release|Any CPU
		{66709D96-0EC8-43F2-BA8B-50D6E05A43AC}.Debug|Any CPU.ActiveCfg = Debug|Any CPU
		{66709D96-0EC8-43F2-BA8B-50D6E05A43AC}.Debug|Any CPU.Build.0 = Debug|Any CPU
		{66709D96-0EC8-43F2-BA8B-50D6E05A43AC}.Release|Any CPU.ActiveCfg = Release|Any CPU
		{66709D96-0EC8-43F2-BA8B-50D6E05A43AC}.Release|Any CPU.Build.0 = Release|Any CPU
		{E54AE162-7662-4B21-9F78-34584EEAC87F}.Debug|Any CPU.ActiveCfg = Debug|Any CPU
		{E54AE162-7662-4B21-9F78-34584EEAC87F}.Debug|Any CPU.Build.0 = Debug|Any CPU
		{E54AE162-7662-4B21-9F78-34584EEAC87F}.Release|Any CPU.ActiveCfg = Release|Any CPU
		{E54AE162-7662-4B21-9F78-34584EEAC87F}.Release|Any CPU.Build.0 = Release|Any CPU
		{64DB16B4-AF4A-428F-80DA-AF89C3EFB18F}.Debug|Any CPU.ActiveCfg = Debug|Any CPU
		{64DB16B4-AF4A-428F-80DA-AF89C3EFB18F}.Debug|Any CPU.Build.0 = Debug|Any CPU
		{64DB16B4-AF4A-428F-80DA-AF89C3EFB18F}.Release|Any CPU.ActiveCfg = Release|Any CPU
		{64DB16B4-AF4A-428F-80DA-AF89C3EFB18F}.Release|Any CPU.Build.0 = Release|Any CPU
		{4B8B659A-6A33-457C-A4B9-F303E8C70F81}.Debug|Any CPU.ActiveCfg = Debug|Any CPU
		{4B8B659A-6A33-457C-A4B9-F303E8C70F81}.Debug|Any CPU.Build.0 = Debug|Any CPU
		{4B8B659A-6A33-457C-A4B9-F303E8C70F81}.Release|Any CPU.ActiveCfg = Release|Any CPU
		{4B8B659A-6A33-457C-A4B9-F303E8C70F81}.Release|Any CPU.Build.0 = Release|Any CPU
		{BEB4B16A-B091-417D-989E-A684693857E7}.Debug|Any CPU.ActiveCfg = Debug|Any CPU
		{BEB4B16A-B091-417D-989E-A684693857E7}.Debug|Any CPU.Build.0 = Debug|Any CPU
		{BEB4B16A-B091-417D-989E-A684693857E7}.Release|Any CPU.ActiveCfg = Release|Any CPU
		{BEB4B16A-B091-417D-989E-A684693857E7}.Release|Any CPU.Build.0 = Release|Any CPU
	EndGlobalSection
	GlobalSection(SolutionProperties) = preSolution
		HideSolutionNode = FALSE
	EndGlobalSection
	GlobalSection(ExtensibilityGlobals) = postSolution
		SolutionGuid = {8959F3EE-D398-4176-802A-B058A5D90D4B}
	EndGlobalSection
EndGlobal
